{
  "name": "vant",
  "version": "1.0.0",
  "lockfileVersion": 1,
  "requires": true,
  "dependencies": {
    "vant-weapp": {
      "version": "0.5.16",
      "resolved": "https://registry.npmjs.org/vant-weapp/-/vant-weapp-0.5.16.tgz",
      "integrity": "sha512-SH1uOVksz/7atX4Cil3+emOGfESXvrUcD0mWSU+8OMou9iJHi+p1OZ8o2/cRbgHT/ATWLG4xbLy5FVXwXduxrg=="
    },
    "weui-miniprogram": {
      "version": "0.1.6",
      "resolved": "https://registry.npmjs.org/weui-miniprogram/-/weui-miniprogram-0.1.6.tgz",
      "integrity": "sha512-O3eNRZ744yHcSmFABlmX2PzfS54RwCk5JotfpEDkwa8aSnSx2ySd7BQWJwAO3+N0StMK0luRXIfkIO5N4n4LEQ=="
    }
  }
}
